{
  "name": "cyborg-pw-tests",
  "version": "1.0.0",
  "lockfileVersion": 3,
  "requires": true,
  "packages": {
    "": {
      "name": "cyborg-pw-tests",
      "version": "1.0.0",
      "license": "ISC",
      "dependencies": {
        "@zerostep/playwright": "^0.1.5"
      },
      "devDependencies": {
        "@playwright/test": "^1.42.1",
        "@types/node": "^20.10.4",
        "dotenv": "^16.4.5"
      }
    },
    "node_modules/@playwright/test": {
      "version": "1.42.1",
      "resolved": "https://registry.npmjs.org/@playwright/test/-/test-1.42.1.tgz",
      "integrity": "sha512-Gq9rmS54mjBL/7/MvBaNOBwbfnh7beHvS6oS4srqXFcQHpQCV1+c8JXWE8VLPyRDhgS3H8x8A7hztqI9VnwrAQ==",
      "dependencies": {
        "playwright": "1.42.1"
      },
      "bin": {
        "playwright": "cli.js"
      },
      "engines": {
        "node": ">=16"
      }
    },
    "node_modules/@types/node": {
      "version": "20.11.24",
      "resolved": "https://registry.npmjs.org/@types/node/-/node-20.11.24.tgz",
      "integrity": "sha512-Kza43ewS3xoLgCEpQrsT+xRo/EJej1y0kVYGiLFE1NEODXGzTfwiC6tXTLMQskn1X4/Rjlh0MQUvx9W+L9long==",
      "dev": true,
      "dependencies": {
        "undici-types": "~5.26.4"
      }
    },
    "node_modules/@zerostep/playwright": {
      "version": "0.1.5",
      "resolved": "https://registry.npmjs.org/@zerostep/playwright/-/playwright-0.1.5.tgz",
      "integrity": "sha512-0//F+ITgwbIzJY/L/xrykyaJQgj6FxajUl+HXO1jFEyvcwCvPDt+ZYpvavmxi4Va5D4UVKJQ7L0AM7kA+7L6Kw==",
      "dependencies": {
        "uuidv7": "^0.6.3",
        "ws": "^8.14.2"
      },
      "peerDependencies": {
        "@playwright/test": "^1.21.0"
      }
    },
    "node_modules/dotenv": {
      "version": "16.4.5",
      "resolved": "https://registry.npmjs.org/dotenv/-/dotenv-16.4.5.tgz",
      "integrity": "sha512-ZmdL2rui+eB2YwhsWzjInR8LldtZHGDoQ1ugH85ppHKwpUHL7j7rN0Ti9NCnGiQbhaZ11FpR+7ao1dNsmduNUg==",
      "dev": true,
      "engines": {
        "node": ">=12"
      },
      "funding": {
        "url": "https://dotenvx.com"
      }
    },
    "node_modules/fsevents": {
      "version": "2.3.2",
      "resolved": "https://registry.npmjs.org/fsevents/-/fsevents-2.3.2.tgz",
      "integrity": "sha512-xiqMQR4xAeHTuB9uWm+fFRcIOgKBMiOBP+eXiyT7jsgVCq1bkVygt00oASowB7EdtpOHaaPgKt812P9ab+DDKA==",
      "hasInstallScript": true,
      "optional": true,
      "os": [
        "darwin"
      ],
      "engines": {
        "node": "^8.16.0 || ^10.6.0 || >=11.0.0"
      }
    },
    "node_modules/playwright": {
      "version": "1.42.1",
      "resolved": "https://registry.npmjs.org/playwright/-/playwright-1.42.1.tgz",
      "integrity": "sha512-PgwB03s2DZBcNRoW+1w9E+VkLBxweib6KTXM0M3tkiT4jVxKSi6PmVJ591J+0u10LUrgxB7dLRbiJqO5s2QPMg==",
      "dependencies": {
        "playwright-core": "1.42.1"
      },
      "bin": {
        "playwright": "cli.js"
      },
      "engines": {
        "node": ">=16"
      },
      "optionalDependencies": {
        "fsevents": "2.3.2"
      }
    },
    "node_modules/playwright-core": {
      "version": "1.42.1",
      "resolved": "https://registry.npmjs.org/playwright-core/-/playwright-core-1.42.1.tgz",
      "integrity": "sha512-mxz6zclokgrke9p1vtdy/COWBH+eOZgYUVVU34C73M+4j4HLlQJHtfcqiqqxpP0o8HhMkflvfbquLX5dg6wlfA==",
      "bin": {
        "playwright-core": "cli.js"
      },
      "engines": {
        "node": ">=16"
      }
    },
    "node_modules/undici-types": {
      "version": "5.26.5",
      "resolved": "https://registry.npmjs.org/undici-types/-/undici-types-5.26.5.tgz",
      "integrity": "sha512-JlCMO+ehdEIKqlFxk6IfVoAUVmgz7cU7zD/h9XZ0qzeosSHmUJVOzSQvvYSYWXkFXC+IfLKSIffhv0sVZup6pA==",
      "dev": true
    },
    "node_modules/uuidv7": {
      "version": "0.6.3",
      "resolved": "https://registry.npmjs.org/uuidv7/-/uuidv7-0.6.3.tgz",
      "integrity": "sha512-zV3eW2NlXTsun/aJ7AixxZjH/byQcH/r3J99MI0dDEkU2cJIBJxhEWUHDTpOaLPRNhebPZoeHuykYREkI9HafA==",
      "bin": {
        "uuidv7": "cli.js"
      }
    },
    "node_modules/ws": {
      "version": "8.16.0",
      "resolved": "https://registry.npmjs.org/ws/-/ws-8.16.0.tgz",
      "integrity": "sha512-HS0c//TP7Ina87TfiPUz1rQzMhHrl/SG2guqRcTOIUYD2q8uhUdNHZYJUaQ8aTGPzCh+c6oawMKW35nFl1dxyQ==",
      "engines": {
        "node": ">=10.0.0"
      },
      "peerDependencies": {
        "bufferutil": "^4.0.1",
        "utf-8-validate": ">=5.0.2"
      },
      "peerDependenciesMeta": {
        "bufferutil": {
          "optional": true
        },
        "utf-8-validate": {
          "optional": true
        }
      }
    }
  }
}
